
Microsoft Visual Studio Solution File, Format Version 12.00
# Visual Studio Version 16
VisualStudioVersion = 16.0.30717.126
MinimumVisualStudioVersion = 10.0.40219.1
Project("{FAE04EC0-301F-11D3-BF4B-00C04F79EFBC}") = "EnAruhazamMaster", "EnAruhazam\EnAruhazamMaster.csproj", "{95923CDF-6E7B-437B-8E8C-5BBEADE0359A}"
EndProject
Project("{FAE04EC0-301F-11D3-BF4B-00C04F79EFBC}") = "DesktopToast", "DesktopToast\DesktopToast.csproj", "{B8D704D5-FB0C-4C2D-8189-72C6649BA157}"
EndProject
Project("{2150E333-8FDC-42A3-9474-1A3956D46DE8}") = "Tests", "Tests", "{59C9E621-4FB8-4105-921E-93402735E698}"
EndProject
Project("{FAE04EC0-301F-11D3-BF4B-00C04F79EFBC}") = "EnAruhazam.Updater", "EnAruhazam.Updater\EnAruhazam.Updater.csproj", "{D1E5F605-A9B0-473B-8B6D-F69E9AB59A70}"
EndProject
Project("{2150E333-8FDC-42A3-9474-1A3956D46DE8}") = "vendor", "vendor", "{D4E7039D-E8D3-4FF7-8616-1FA044980088}"
EndProject
Project("{9A19103F-16F7-4668-BE54-9A1E7A4F7556}") = "DatabaseConnectionTest", "DatabaseConnectionTest\DatabaseConnectionTest.csproj", "{F134F383-086D-44C9-B33C-B1713DD3C097}"
EndProject
Project("{FAE04EC0-301F-11D3-BF4B-00C04F79EFBC}") = "EnAruhazam.MailLogic", "EnAruhazam.MailLogic\EnAruhazam.MailLogic.csproj", "{65E321D6-374D-4EA0-85B6-6E8D7E8C7780}"
EndProject
Project("{FAE04EC0-301F-11D3-BF4B-00C04F79EFBC}") = "EnAruhazam.DataAccess", "EnAruhazam.DataAccess\EnAruhazam.DataAccess.csproj", "{5BBAA207-52F1-4E19-830D-6D7C10E3E526}"
EndProject
Project("{FAE04EC0-301F-11D3-BF4B-00C04F79EFBC}") = "EnAruhazam.NotificationHandler", "EnAruhazam.NotificationHandler\EnAruhazam.NotificationHandler.csproj", "{88824396-48D7-4E9C-B7E2-75EA94633109}"
EndProject
Project("{FAE04EC0-301F-11D3-BF4B-00C04F79EFBC}") = "EnAruhazam.MenuControl", "EnAruhazam.MenuControl\EnAruhazam.MenuControl.csproj", "{410EFB62-2D18-4F46-A922-E01E67F5AC9C}"
EndProject
Global
	GlobalSection(SolutionConfigurationPlatforms) = preSolution
		Debug|Any CPU = Debug|Any CPU
		Release|Any CPU = Release|Any CPU
	EndGlobalSection
	GlobalSection(ProjectConfigurationPlatforms) = postSolution
		{95923CDF-6E7B-437B-8E8C-5BBEADE0359A}.Debug|Any CPU.ActiveCfg = Debug|Any CPU
		{95923CDF-6E7B-437B-8E8C-5BBEADE0359A}.Debug|Any CPU.Build.0 = Debug|Any CPU
		{95923CDF-6E7B-437B-8E8C-5BBEADE0359A}.Release|Any CPU.ActiveCfg = Release|Any CPU
		{95923CDF-6E7B-437B-8E8C-5BBEADE0359A}.Release|Any CPU.Build.0 = Release|Any CPU
		{B8D704D5-FB0C-4C2D-8189-72C6649BA157}.Debug|Any CPU.ActiveCfg = Debug|Any CPU
		{B8D704D5-FB0C-4C2D-8189-72C6649BA157}.Debug|Any CPU.Build.0 = Debug|Any CPU
		{B8D704D5-FB0C-4C2D-8189-72C6649BA157}.Release|Any CPU.ActiveCfg = Release|Any CPU
		{B8D704D5-FB0C-4C2D-8189-72C6649BA157}.Release|Any CPU.Build.0 = Release|Any CPU
		{D1E5F605-A9B0-473B-8B6D-F69E9AB59A70}.Debug|Any CPU.ActiveCfg = Debug|Any CPU
		{D1E5F605-A9B0-473B-8B6D-F69E9AB59A70}.Debug|Any CPU.Build.0 = Debug|Any CPU
		{D1E5F605-A9B0-473B-8B6D-F69E9AB59A70}.Release|Any CPU.ActiveCfg = Release|Any CPU
		{D1E5F605-A9B0-473B-8B6D-F69E9AB59A70}.Release|Any CPU.Build.0 = Release|Any CPU
		{F134F383-086D-44C9-B33C-B1713DD3C097}.Debug|Any CPU.ActiveCfg = Debug|Any CPU
		{F134F383-086D-44C9-B33C-B1713DD3C097}.Debug|Any CPU.Build.0 = Debug|Any CPU
		{F134F383-086D-44C9-B33C-B1713DD3C097}.Release|Any CPU.ActiveCfg = Release|Any CPU
		{F134F383-086D-44C9-B33C-B1713DD3C097}.Release|Any CPU.Build.0 = Release|Any CPU
		{65E321D6-374D-4EA0-85B6-6E8D7E8C7780}.Debug|Any CPU.ActiveCfg = Debug|Any CPU
		{65E321D6-374D-4EA0-85B6-6E8D7E8C7780}.Debug|Any CPU.Build.0 = Debug|Any CPU
		{65E321D6-374D-4EA0-85B6-6E8D7E8C7780}.Release|Any CPU.ActiveCfg = Release|Any CPU
		{65E321D6-374D-4EA0-85B6-6E8D7E8C7780}.Release|Any CPU.Build.0 = Release|Any CPU
		{5BBAA207-52F1-4E19-830D-6D7C10E3E526}.Debug|Any CPU.ActiveCfg = Debug|Any CPU
		{5BBAA207-52F1-4E19-830D-6D7C10E3E526}.Debug|Any CPU.Build.0 = Debug|Any CPU
		{5BBAA207-52F1-4E19-830D-6D7C10E3E526}.Release|Any CPU.ActiveCfg = Release|Any CPU
		{5BBAA207-52F1-4E19-830D-6D7C10E3E526}.Release|Any CPU.Build.0 = Release|Any CPU
		{88824396-48D7-4E9C-B7E2-75EA94633109}.Debug|Any CPU.ActiveCfg = Debug|Any CPU
		{88824396-48D7-4E9C-B7E2-75EA94633109}.Debug|Any CPU.Build.0 = Debug|Any CPU
		{88824396-48D7-4E9C-B7E2-75EA94633109}.Release|Any CPU.ActiveCfg = Release|Any CPU
		{88824396-48D7-4E9C-B7E2-75EA94633109}.Release|Any CPU.Build.0 = Release|Any CPU
		{410EFB62-2D18-4F46-A922-E01E67F5AC9C}.Debug|Any CPU.ActiveCfg = Debug|Any CPU
		{410EFB62-2D18-4F46-A922-E01E67F5AC9C}.Debug|Any CPU.Build.0 = Debug|Any CPU
		{410EFB62-2D18-4F46-A922-E01E67F5AC9C}.Release|Any CPU.ActiveCfg = Release|Any CPU
		{410EFB62-2D18-4F46-A922-E01E67F5AC9C}.Release|Any CPU.Build.0 = Release|Any CPU
	EndGlobalSection
	GlobalSection(SolutionProperties) = preSolution
		HideSolutionNode = FALSE
	EndGlobalSection
	GlobalSection(NestedProjects) = preSolution
		{B8D704D5-FB0C-4C2D-8189-72C6649BA157} = {D4E7039D-E8D3-4FF7-8616-1FA044980088}
		{F134F383-086D-44C9-B33C-B1713DD3C097} = {59C9E621-4FB8-4105-921E-93402735E698}
	EndGlobalSection
	GlobalSection(ExtensibilityGlobals) = postSolution
		SolutionGuid = {5F76CD05-2AB7-4CBB-A591-03F0AF9BFD51}
	EndGlobalSection
EndGlobal
